
Microsoft Visual Studio Solution File, Format Version 12.00
# Visual Studio Version 17
VisualStudioVersion = 17.13.35806.99
MinimumVisualStudioVersion = 10.0.40219.1
Project("{FAE04EC0-301F-11D3-BF4B-00C04F79EFBC}") = "Exercise_00", "Exercise_00\Exercise_00.csproj", "{CE12E895-56A6-68D7-6DBA-6AF0626C6B54}"
EndProject
Global
	GlobalSection(SolutionConfigurationPlatforms) = preSolution
		Debug|Any CPU = Debug|Any CPU
		Release|Any CPU = Release|Any CPU
	EndGlobalSection
	GlobalSection(ProjectConfigurationPlatforms) = postSolution
		{CE12E895-56A6-68D7-6DBA-6AF0626C6B54}.Debug|Any CPU.ActiveCfg = Debug|Any CPU
		{CE12E895-56A6-68D7-6DBA-6AF0626C6B54}.Debug|Any CPU.Build.0 = Debug|Any CPU
		{CE12E895-56A6-68D7-6DBA-6AF0626C6B54}.Release|Any CPU.ActiveCfg = Release|Any CPU
		{CE12E895-56A6-68D7-6DBA-6AF0626C6B54}.Release|Any CPU.Build.0 = Release|Any CPU
	EndGlobalSection
	GlobalSection(SolutionProperties) = preSolution
		HideSolutionNode = FALSE
	EndGlobalSection
	GlobalSection(ExtensibilityGlobals) = postSolution
		SolutionGuid = {AEE29A84-79C7-4D21-9BF7-738925E8522F}
	EndGlobalSection
EndGlobal
