
Microsoft Visual Studio Solution File, Format Version 12.00
# Visual Studio Version 17
VisualStudioVersion = 17.13.35806.99
MinimumVisualStudioVersion = 10.0.40219.1
Project("{FAE04EC0-301F-11D3-BF4B-00C04F79EFBC}") = "TransportPrototype", "TransportPrototype\TransportPrototype.csproj", "{7CBCAA13-6460-45F3-9C2D-74AE7763A6C0}"
EndProject
Global
	GlobalSection(SolutionConfigurationPlatforms) = preSolution
		Debug|Any CPU = Debug|Any CPU
		Release|Any CPU = Release|Any CPU
	EndGlobalSection
	GlobalSection(ProjectConfigurationPlatforms) = postSolution
		{7CBCAA13-6460-45F3-9C2D-74AE7763A6C0}.Debug|Any CPU.ActiveCfg = Debug|Any CPU
		{7CBCAA13-6460-45F3-9C2D-74AE7763A6C0}.Debug|Any CPU.Build.0 = Debug|Any CPU
		{7CBCAA13-6460-45F3-9C2D-74AE7763A6C0}.Release|Any CPU.ActiveCfg = Release|Any CPU
		{7CBCAA13-6460-45F3-9C2D-74AE7763A6C0}.Release|Any CPU.Build.0 = Release|Any CPU
	EndGlobalSection
	GlobalSection(SolutionProperties) = preSolution
		HideSolutionNode = FALSE
	EndGlobalSection
	GlobalSection(ExtensibilityGlobals) = postSolution
		SolutionGuid = {AEE29A84-79C7-4D21-9BF7-738925E8522F}
	EndGlobalSection
EndGlobal
